
Microsoft Visual Studio Solution File, Format Version 12.00
# Visual Studio Version 17
VisualStudioVersion = 17.13.35919.96 d17.13
MinimumVisualStudioVersion = 10.0.40219.1
Project("{FAE04EC0-301F-11D3-BF4B-00C04F79EFBC}") = "API_REST", "API_REST.csproj", "{9FE81D55-2DBF-44DB-A5DF-8B04AC7394CF}"
EndProject
Global
	GlobalSection(SolutionConfigurationPlatforms) = preSolution
		Debug|Any CPU = Debug|Any CPU
		Release|Any CPU = Release|Any CPU
	EndGlobalSection
	GlobalSection(ProjectConfigurationPlatforms) = postSolution
		{9FE81D55-2DBF-44DB-A5DF-8B04AC7394CF}.Debug|Any CPU.ActiveCfg = Debug|Any CPU
		{9FE81D55-2DBF-44DB-A5DF-8B04AC7394CF}.Debug|Any CPU.Build.0 = Debug|Any CPU
		{9FE81D55-2DBF-44DB-A5DF-8B04AC7394CF}.Release|Any CPU.ActiveCfg = Release|Any CPU
		{9FE81D55-2DBF-44DB-A5DF-8B04AC7394CF}.Release|Any CPU.Build.0 = Release|Any CPU
	EndGlobalSection
	GlobalSection(SolutionProperties) = preSolution
		HideSolutionNode = FALSE
	EndGlobalSection
	GlobalSection(ExtensibilityGlobals) = postSolution
		SolutionGuid = {326FF65F-DDAA-4981-82CB-A2A2C3C0C6A9}
	EndGlobalSection
EndGlobal
